// !$*UTF8*$!
{
	archiveVersion = 1;
	classes = {
	};
	objectVersion = 50;
	objects = {

/* Begin PBXBuildFile section */
		41F36DD328FA0FD000D6C0DA /* AppDelegate.swift in Sources */ = {isa = PBXBuildFile; fileRef = 41F36DD228FA0FD000D6C0DA /* AppDelegate.swift */; };
		41F36DD528FA0FD000D6C0DA /* SceneDelegate.swift in Sources */ = {isa = PBXBuildFile; fileRef = 41F36DD428FA0FD000D6C0DA /* SceneDelegate.swift */; };
		41F36DDA28FA0FD000D6C0DA /* Main.storyboard in Resources */ = {isa = PBXBuildFile; fileRef = 41F36DD828FA0FD000D6C0DA /* Main.storyboard */; };
		41F36DDD28FA0FD000D6C0DA /* Thermometer.xcdatamodeld in Sources */ = {isa = PBXBuildFile; fileRef = 41F36DDB28FA0FD000D6C0DA /* Thermometer.xcdatamodeld */; };
		41F36DDF28FA0FF100D6C0DA /* Assets.xcassets in Resources */ = {isa = PBXBuildFile; fileRef = 41F36DDE28FA0FF100D6C0DA /* Assets.xcassets */; };
		41F36DE228FA0FF100D6C0DA /* LaunchScreen.storyboard in Resources */ = {isa = PBXBuildFile; fileRef = 41F36DE028FA0FF100D6C0DA /* LaunchScreen.storyboard */; };
		41F36DED28FA0FF200D6C0DA /* ThermometerTests.swift in Sources */ = {isa = PBXBuildFile; fileRef = 41F36DEC28FA0FF200D6C0DA /* ThermometerTests.swift */; };
		41F36DF828FA0FF200D6C0DA /* ThermometerUITests.swift in Sources */ = {isa = PBXBuildFile; fileRef = 41F36DF728FA0FF200D6C0DA /* ThermometerUITests.swift */; };
		41F36E0928FA105500D6C0DA /* LoginViewController.swift in Sources */ = {isa = PBXBuildFile; fileRef = 41F36E0828FA105500D6C0DA /* LoginViewController.swift */; };
/* End PBXBuildFile section */

/* Begin PBXContainerItemProxy section */
		41F36DE928FA0FF200D6C0DA /* PBXContainerItemProxy */ = {
			isa = PBXContainerItemProxy;
			containerPortal = 41F36DC728FA0FD000D6C0DA /* Project object */;
			proxyType = 1;
			remoteGlobalIDString = 41F36DCE28FA0FD000D6C0DA;
			remoteInfo = Thermometer;
		};
		41F36DF428FA0FF200D6C0DA /* PBXContainerItemProxy */ = {
			isa = PBXContainerItemProxy;
			containerPortal = 41F36DC728FA0FD000D6C0DA /* Project object */;
			proxyType = 1;
			remoteGlobalIDString = 41F36DCE28FA0FD000D6C0DA;
			remoteInfo = Thermometer;
		};
/* End PBXContainerItemProxy section */

/* Begin PBXFileReference section */
		41F36DCF28FA0FD000D6C0DA /* Thermometer.app */ = {isa = PBXFileReference; explicitFileType = wrapper.application; includeInIndex = 0; path = Thermometer.app; sourceTree = BUILT_PRODUCTS_DIR; };
		41F36DD228FA0FD000D6C0DA /* AppDelegate.swift */ = {isa = PBXFileReference; lastKnownFileType = sourcecode.swift; path = AppDelegate.swift; sourceTree = "<group>"; };
		41F36DD428FA0FD000D6C0DA /* SceneDelegate.swift */ = {isa = PBXFileReference; lastKnownFileType = sourcecode.swift; path = SceneDelegate.swift; sourceTree = "<group>"; };
		41F36DD928FA0FD000D6C0DA /* Base */ = {isa = PBXFileReference; lastKnownFileType = file.storyboard; name = Base; path = Base.lproj/Main.storyboard; sourceTree = "<group>"; };
		41F36DDC28FA0FD000D6C0DA /* Thermometer.xcdatamodel */ = {isa = PBXFileReference; lastKnownFileType = wrapper.xcdatamodel; path = Thermometer.xcdatamodel; sourceTree = "<group>"; };
		41F36DDE28FA0FF100D6C0DA /* Assets.xcassets */ = {isa = PBXFileReference; lastKnownFileType = folder.assetcatalog; path = Assets.xcassets; sourceTree = "<group>"; };
		41F36DE128FA0FF100D6C0DA /* Base */ = {isa = PBXFileReference; lastKnownFileType = file.storyboard; name = Base; path = Base.lproj/LaunchScreen.storyboard; sourceTree = "<group>"; };
		41F36DE328FA0FF100D6C0DA /* Info.plist */ = {isa = PBXFileReference; lastKnownFileType = text.plist.xml; path = Info.plist; sourceTree = "<group>"; };
		41F36DE828FA0FF200D6C0DA /* ThermometerTests.xctest */ = {isa = PBXFileReference; explicitFileType = wrapper.cfbundle; includeInIndex = 0; path = ThermometerTests.xctest; sourceTree = BUILT_PRODUCTS_DIR; };
		41F36DEC28FA0FF200D6C0DA /* ThermometerTests.swift */ = {isa = PBXFileReference; lastKnownFileType = sourcecode.swift; path = ThermometerTests.swift; sourceTree = "<group>"; };
		41F36DEE28FA0FF200D6C0DA /* Info.plist */ = {isa = PBXFileReference; lastKnownFileType = text.plist.xml; path = Info.plist; sourceTree = "<group>"; };
		41F36DF328FA0FF200D6C0DA /* ThermometerUITests.xctest */ = {isa = PBXFileReference; explicitFileType = wrapper.cfbundle; includeInIndex = 0; path = ThermometerUITests.xctest; sourceTree = BUILT_PRODUCTS_DIR; };
		41F36DF728FA0FF200D6C0DA /* ThermometerUITests.swift */ = {isa = PBXFileReference; lastKnownFileType = sourcecode.swift; path = ThermometerUITests.swift; sourceTree = "<group>"; };
		41F36DF928FA0FF200D6C0DA /* Info.plist */ = {isa = PBXFileReference; lastKnownFileType = text.plist.xml; path = Info.plist; sourceTree = "<group>"; };
		41F36E0828FA105500D6C0DA /* LoginViewController.swift */ = {isa = PBXFileReference; lastKnownFileType = sourcecode.swift; path = LoginViewController.swift; sourceTree = "<group>"; };
/* End PBXFileReference section */

/* Begin PBXFrameworksBuildPhase section */
		41F36DCC28FA0FD000D6C0DA /* Frameworks */ = {
			isa = PBXFrameworksBuildPhase;
			buildActionMask = 2147483647;
			files = (
			);
			runOnlyForDeploymentPostprocessing = 0;
		};
		41F36DE528FA0FF200D6C0DA /* Frameworks */ = {
			isa = PBXFrameworksBuildPhase;
			buildActionMask = 2147483647;
			files = (
			);
			runOnlyForDeploymentPostprocessing = 0;
		};
		41F36DF028FA0FF200D6C0DA /* Frameworks */ = {
			isa = PBXFrameworksBuildPhase;
			buildActionMask = 2147483647;
			files = (
			);
			runOnlyForDeploymentPostprocessing = 0;
		};
/* End PBXFrameworksBuildPhase section */

/* Begin PBXGroup section */
		41F36DC628FA0FD000D6C0DA = {
			isa = PBXGroup;
			children = (
				41F36DD128FA0FD000D6C0DA /* Thermometer */,
				41F36DEB28FA0FF200D6C0DA /* ThermometerTests */,
				41F36DF628FA0FF200D6C0DA /* ThermometerUITests */,
				41F36DD028FA0FD000D6C0DA /* Products */,
			);
			sourceTree = "<group>";
		};
		41F36DD028FA0FD000D6C0DA /* Products */ = {
			isa = PBXGroup;
			children = (
				41F36DCF28FA0FD000D6C0DA /* Thermometer.app */,
				41F36DE828FA0FF200D6C0DA /* ThermometerTests.xctest */,
				41F36DF328FA0FF200D6C0DA /* ThermometerUITests.xctest */,
			);
			name = Products;
			sourceTree = "<group>";
		};
		41F36DD128FA0FD000D6C0DA /* Thermometer */ = {
			isa = PBXGroup;
			children = (
				41F36E0D28FA106C00D6C0DA /* Login */,
				41F36DD228FA0FD000D6C0DA /* AppDelegate.swift */,
				41F36DD428FA0FD000D6C0DA /* SceneDelegate.swift */,
				41F36DD828FA0FD000D6C0DA /* Main.storyboard */,
				41F36DDE28FA0FF100D6C0DA /* Assets.xcassets */,
				41F36DE028FA0FF100D6C0DA /* LaunchScreen.storyboard */,
				41F36DE328FA0FF100D6C0DA /* Info.plist */,
				41F36DDB28FA0FD000D6C0DA /* Thermometer.xcdatamodeld */,
			);
			path = Thermometer;
			sourceTree = "<group>";
		};
		41F36DEB28FA0FF200D6C0DA /* ThermometerTests */ = {
			isa = PBXGroup;
			children = (
				41F36DEC28FA0FF200D6C0DA /* ThermometerTests.swift */,
				41F36DEE28FA0FF200D6C0DA /* Info.plist */,
			);
			path = ThermometerTests;
			sourceTree = "<group>";
		};
		41F36DF628FA0FF200D6C0DA /* ThermometerUITests */ = {
			isa = PBXGroup;
			children = (
				41F36DF728FA0FF200D6C0DA /* ThermometerUITests.swift */,
				41F36DF928FA0FF200D6C0DA /* Info.plist */,
			);
			path = ThermometerUITests;
			sourceTree = "<group>";
		};
		41F36E0D28FA106C00D6C0DA /* Login */ = {
			isa = PBXGroup;
			children = (
				41F36E0828FA105500D6C0DA /* LoginViewController.swift */,
			);
			path = Login;
			sourceTree = "<group>";
		};
/* End PBXGroup section */

/* Begin PBXNativeTarget section */
		41F36DCE28FA0FD000D6C0DA /* Thermometer */ = {
			isa = PBXNativeTarget;
			buildConfigurationList = 41F36DFC28FA0FF200D6C0DA /* Build configuration list for PBXNativeTarget "Thermometer" */;
			buildPhases = (
				41F36DCB28FA0FD000D6C0DA /* Sources */,
				41F36DCC28FA0FD000D6C0DA /* Frameworks */,
				41F36DCD28FA0FD000D6C0DA /* Resources */,
			);
			buildRules = (
			);
			dependencies = (
			);
			name = Thermometer;
			productName = Thermometer;
			productReference = 41F36DCF28FA0FD000D6C0DA /* Thermometer.app */;
			productType = "com.apple.product-type.application";
		};
		41F36DE728FA0FF200D6C0DA /* ThermometerTests */ = {
			isa = PBXNativeTarget;
			buildConfigurationList = 41F36DFF28FA0FF200D6C0DA /* Build configuration list for PBXNativeTarget "ThermometerTests" */;
			buildPhases = (
				41F36DE428FA0FF200D6C0DA /* Sources */,
				41F36DE528FA0FF200D6C0DA /* Frameworks */,
				41F36DE628FA0FF200D6C0DA /* Resources */,
			);
			buildRules = (
			);
			dependencies = (
				41F36DEA28FA0FF200D6C0DA /* PBXTargetDependency */,
			);
			name = ThermometerTests;
			productName = ThermometerTests;
			productReference = 41F36DE828FA0FF200D6C0DA /* ThermometerTests.xctest */;
			productType = "com.apple.product-type.bundle.unit-test";
		};
		41F36DF228FA0FF200D6C0DA /* ThermometerUITests */ = {
			isa = PBXNativeTarget;
			buildConfigurationList = 41F36E0228FA0FF200D6C0DA /* Build configuration list for PBXNativeTarget "ThermometerUITests" */;
			buildPhases = (
				41F36DEF28FA0FF200D6C0DA /* Sources */,
				41F36DF028FA0FF200D6C0DA /* Frameworks */,
				41F36DF128FA0FF200D6C0DA /* Resources */,
			);
			buildRules = (
			);
			dependencies = (
				41F36DF528FA0FF200D6C0DA /* PBXTargetDependency */,
			);
			name = ThermometerUITests;
			productName = ThermometerUITests;
			productReference = 41F36DF328FA0FF200D6C0DA /* ThermometerUITests.xctest */;
			productType = "com.apple.product-type.bundle.ui-testing";
		};
/* End PBXNativeTarget section */

/* Begin PBXProject section */
		41F36DC728FA0FD000D6C0DA /* Project object */ = {
			isa = PBXProject;
			attributes = {
				LastSwiftUpdateCheck = 1240;
				LastUpgradeCheck = 1240;
				TargetAttributes = {
					41F36DCE28FA0FD000D6C0DA = {
						CreatedOnToolsVersion = 12.4;
					};
					41F36DE728FA0FF200D6C0DA = {
						CreatedOnToolsVersion = 12.4;
						TestTargetID = 41F36DCE28FA0FD000D6C0DA;
					};
					41F36DF228FA0FF200D6C0DA = {
						CreatedOnToolsVersion = 12.4;
						TestTargetID = 41F36DCE28FA0FD000D6C0DA;
					};
				};
			};
			buildConfigurationList = 41F36DCA28FA0FD000D6C0DA /* Build configuration list for PBXProject "Thermometer" */;
			compatibilityVersion = "Xcode 9.3";
			developmentRegion = en;
			hasScannedForEncodings = 0;
			knownRegions = (
				en,
				Base,
			);
			mainGroup = 41F36DC628FA0FD000D6C0DA;
			productRefGroup = 41F36DD028FA0FD000D6C0DA /* Products */;
			projectDirPath = "";
			projectRoot = "";
			targets = (
				41F36DCE28FA0FD000D6C0DA /* Thermometer */,
				41F36DE728FA0FF200D6C0DA /* ThermometerTests */,
				41F36DF228FA0FF200D6C0DA /* ThermometerUITests */,
			);
		};
/* End PBXProject section */

/* Begin PBXResourcesBuildPhase section */
		41F36DCD28FA0FD000D6C0DA /* Resources */ = {
			isa = PBXResourcesBuildPhase;
			buildActionMask = 2147483647;
			files = (
				41F36DE228FA0FF100D6C0DA /* LaunchScreen.storyboard in Resources */,
				41F36DDF28FA0FF100D6C0DA /* Assets.xcassets in Resources */,
				41F36DDA28FA0FD000D6C0DA /* Main.storyboard in Resources */,
			);
			runOnlyForDeploymentPostprocessing = 0;
		};
		41F36DE628FA0FF200D6C0DA /* Resources */ = {
			isa = PBXResourcesBuildPhase;
			buildActionMask = 2147483647;
			files = (
			);
			runOnlyForDeploymentPostprocessing = 0;
		};
		41F36DF128FA0FF200D6C0DA /* Resources */ = {
			isa = PBXResourcesBuildPhase;
			buildActionMask = 2147483647;
			files = (
			);
			runOnlyForDeploymentPostprocessing = 0;
		};
/* End PBXResourcesBuildPhase section */

/* Begin PBXSourcesBuildPhase section */
		41F36DCB28FA0FD000D6C0DA /* Sources */ = {
			isa = PBXSourcesBuildPhase;
			buildActionMask = 2147483647;
			files = (
				41F36E0928FA105500D6C0DA /* LoginViewController.swift in Sources */,
				41F36DDD28FA0FD000D6C0DA /* Thermometer.xcdatamodeld in Sources */,
				41F36DD328FA0FD000D6C0DA /* AppDelegate.swift in Sources */,
				41F36DD528FA0FD000D6C0DA /* SceneDelegate.swift in Sources */,
			);
			runOnlyForDeploymentPostprocessing = 0;
		};
		41F36DE428FA0FF200D6C0DA /* Sources */ = {
			isa = PBXSourcesBuildPhase;
			buildActionMask = 2147483647;
			files = (
				41F36DED28FA0FF200D6C0DA /* ThermometerTests.swift in Sources */,
			);
			runOnlyForDeploymentPostprocessing = 0;
		};
		41F36DEF28FA0FF200D6C0DA /* Sources */ = {
			isa = PBXSourcesBuildPhase;
			buildActionMask = 2147483647;
			files = (
				41F36DF828FA0FF200D6C0DA /* ThermometerUITests.swift in Sources */,
			);
			runOnlyForDeploymentPostprocessing = 0;
		};
/* End PBXSourcesBuildPhase section */

/* Begin PBXTargetDependency section */
		41F36DEA28FA0FF200D6C0DA /* PBXTargetDependency */ = {
			isa = PBXTargetDependency;
			target = 41F36DCE28FA0FD000D6C0DA /* Thermometer */;
			targetProxy = 41F36DE928FA0FF200D6C0DA /* PBXContainerItemProxy */;
		};
		41F36DF528FA0FF200D6C0DA /* PBXTargetDependency */ = {
			isa = PBXTargetDependency;
			target = 41F36DCE28FA0FD000D6C0DA /* Thermometer */;
			targetProxy = 41F36DF428FA0FF200D6C0DA /* PBXContainerItemProxy */;
		};
/* End PBXTargetDependency section */

/* Begin PBXVariantGroup section */
		41F36DD828FA0FD000D6C0DA /* Main.storyboard */ = {
			isa = PBXVariantGroup;
			children = (
				41F36DD928FA0FD000D6C0DA /* Base */,
			);
			name = Main.storyboard;
			sourceTree = "<group>";
		};
		41F36DE028FA0FF100D6C0DA /* LaunchScreen.storyboard */ = {
			isa = PBXVariantGroup;
			children = (
				41F36DE128FA0FF100D6C0DA /* Base */,
			);
			name = LaunchScreen.storyboard;
			sourceTree = "<group>";
		};
/* End PBXVariantGroup section */

/* Begin XCBuildConfiguration section */
		41F36DFA28FA0FF200D6C0DA /* Debug */ = {
			isa = XCBuildConfiguration;
			buildSettings = {
				ALWAYS_SEARCH_USER_PATHS = NO;
				CLANG_ANALYZER_NONNULL = YES;
				CLANG_ANALYZER_NUMBER_OBJECT_CONVERSION = YES_AGGRESSIVE;
				CLANG_CXX_LANGUAGE_STANDARD = "gnu++14";
				CLANG_CXX_LIBRARY = "libc++";
				CLANG_ENABLE_MODULES = YES;
				CLANG_ENABLE_OBJC_ARC = YES;
				CLANG_ENABLE_OBJC_WEAK = YES;
				CLANG_WARN_BLOCK_CAPTURE_AUTORELEASING = YES;
				CLANG_WARN_BOOL_CONVERSION = YES;
				CLANG_WARN_COMMA = YES;
				CLANG_WARN_CONSTANT_CONVERSION = YES;
				CLANG_WARN_DEPRECATED_OBJC_IMPLEMENTATIONS = YES;
				CLANG_WARN_DIRECT_OBJC_ISA_USAGE = YES_ERROR;
				CLANG_WARN_DOCUMENTATION_COMMENTS = YES;
				CLANG_WARN_EMPTY_BODY = YES;
				CLANG_WARN_ENUM_CONVERSION = YES;
				CLANG_WARN_INFINITE_RECURSION = YES;
				CLANG_WARN_INT_CONVERSION = YES;
				CLANG_WARN_NON_LITERAL_NULL_CONVERSION = YES;
				CLANG_WARN_OBJC_IMPLICIT_RETAIN_SELF = YES;
				CLANG_WARN_OBJC_LITERAL_CONVERSION = YES;
				CLANG_WARN_OBJC_ROOT_CLASS = YES_ERROR;
				CLANG_WARN_QUOTED_INCLUDE_IN_FRAMEWORK_HEADER = YES;
				CLANG_WARN_RANGE_LOOP_ANALYSIS = YES;
				CLANG_WARN_STRICT_PROTOTYPES = YES;
				CLANG_WARN_SUSPICIOUS_MOVE = YES;
				CLANG_WARN_UNGUARDED_AVAILABILITY = YES_AGGRESSIVE;
				CLANG_WARN_UNREACHABLE_CODE = YES;
				CLANG_WARN__DUPLICATE_METHOD_MATCH = YES;
				COPY_PHASE_STRIP = NO;
				DEBUG_INFORMATION_FORMAT = dwarf;
				ENABLE_STRICT_OBJC_MSGSEND = YES;
				ENABLE_TESTABILITY = YES;
				GCC_C_LANGUAGE_STANDARD = gnu11;
				GCC_DYNAMIC_NO_PIC = NO;
				GCC_NO_COMMON_BLOCKS = YES;
				GCC_OPTIMIZATION_LEVEL = 0;
				GCC_PREPROCESSOR_DEFINITIONS = (
					"DEBUG=1",
					"$(inherited)",
				);
				GCC_WARN_64_TO_32_BIT_CONVERSION = YES;
				GCC_WARN_ABOUT_RETURN_TYPE = YES_ERROR;
				GCC_WARN_UNDECLARED_SELECTOR = YES;
				GCC_WARN_UNINITIALIZED_AUTOS = YES_AGGRESSIVE;
				GCC_WARN_UNUSED_FUNCTION = YES;
				GCC_WARN_UNUSED_VARIABLE = YES;
				IPHONEOS_DEPLOYMENT_TARGET = 14.4;
				MTL_ENABLE_DEBUG_INFO = INCLUDE_SOURCE;
				MTL_FAST_MATH = YES;
				ONLY_ACTIVE_ARCH = YES;
				SDKROOT = iphoneos;
				SWIFT_ACTIVE_COMPILATION_CONDITIONS = DEBUG;
				SWIFT_OPTIMIZATION_LEVEL = "-Onone";
			};
			name = Debug;
		};
		41F36DFB28FA0FF200D6C0DA /* Release */ = {
			isa = XCBuildConfiguration;
			buildSettings = {
				ALWAYS_SEARCH_USER_PATHS = NO;
				CLANG_ANALYZER_NONNULL = YES;
				CLANG_ANALYZER_NUMBER_OBJECT_CONVERSION = YES_AGGRESSIVE;
				CLANG_CXX_LANGUAGE_STANDARD = "gnu++14";
				CLANG_CXX_LIBRARY = "libc++";
				CLANG_ENABLE_MODULES = YES;
				CLANG_ENABLE_OBJC_ARC = YES;
				CLANG_ENABLE_OBJC_WEAK = YES;
				CLANG_WARN_BLOCK_CAPTURE_AUTORELEASING = YES;
				CLANG_WARN_BOOL_CONVERSION = YES;
				CLANG_WARN_COMMA = YES;
				CLANG_WARN_CONSTANT_CONVERSION = YES;
				CLANG_WARN_DEPRECATED_OBJC_IMPLEMENTATIONS = YES;
				CLANG_WARN_DIRECT_OBJC_ISA_USAGE = YES_ERROR;
				CLANG_WARN_DOCUMENTATION_COMMENTS = YES;
				CLANG_WARN_EMPTY_BODY = YES;
				CLANG_WARN_ENUM_CONVERSION = YES;
				CLANG_WARN_INFINITE_RECURSION = YES;
				CLANG_WARN_INT_CONVERSION = YES;
				CLANG_WARN_NON_LITERAL_NULL_CONVERSION = YES;
				CLANG_WARN_OBJC_IMPLICIT_RETAIN_SELF = YES;
				CLANG_WARN_OBJC_LITERAL_CONVERSION = YES;
				CLANG_WARN_OBJC_ROOT_CLASS = YES_ERROR;
				CLANG_WARN_QUOTED_INCLUDE_IN_FRAMEWORK_HEADER = YES;
				CLANG_WARN_RANGE_LOOP_ANALYSIS = YES;
				CLANG_WARN_STRICT_PROTOTYPES = YES;
				CLANG_WARN_SUSPICIOUS_MOVE = YES;
				CLANG_WARN_UNGUARDED_AVAILABILITY = YES_AGGRESSIVE;
				CLANG_WARN_UNREACHABLE_CODE = YES;
				CLANG_WARN__DUPLICATE_METHOD_MATCH = YES;
				COPY_PHASE_STRIP = NO;
				DEBUG_INFORMATION_FORMAT = "dwarf-with-dsym";
				ENABLE_NS_ASSERTIONS = NO;
				ENABLE_STRICT_OBJC_MSGSEND = YES;
				GCC_C_LANGUAGE_STANDARD = gnu11;
				GCC_NO_COMMON_BLOCKS = YES;
				GCC_WARN_64_TO_32_BIT_CONVERSION = YES;
				GCC_WARN_ABOUT_RETURN_TYPE = YES_ERROR;
				GCC_WARN_UNDECLARED_SELECTOR = YES;
				GCC_WARN_UNINITIALIZED_AUTOS = YES_AGGRESSIVE;
				GCC_WARN_UNUSED_FUNCTION = YES;
				GCC_WARN_UNUSED_VARIABLE = YES;
				IPHONEOS_DEPLOYMENT_TARGET = 14.4;
				MTL_ENABLE_DEBUG_INFO = NO;
				MTL_FAST_MATH = YES;
				SDKROOT = iphoneos;
				SWIFT_COMPILATION_MODE = wholemodule;
				SWIFT_OPTIMIZATION_LEVEL = "-O";
				VALIDATE_PRODUCT = YES;
			};
			name = Release;
		};
		41F36DFD28FA0FF200D6C0DA /* Debug */ = {
			isa = XCBuildConfiguration;
			buildSettings = {
				ASSETCATALOG_COMPILER_APPICON_NAME = AppIcon;
				ASSETCATALOG_COMPILER_GLOBAL_ACCENT_COLOR_NAME = AccentColor;
				CODE_SIGN_STYLE = Automatic;
				DEVELOPMENT_TEAM = 48AKWV4768;
				INFOPLIST_FILE = Thermometer/Info.plist;
				LD_RUNPATH_SEARCH_PATHS = (
					"$(inherited)",
					"@executable_path/Frameworks",
				);
				PRODUCT_BUNDLE_IDENTIFIER = saturn777.Thermometer;
				PRODUCT_NAME = "$(TARGET_NAME)";
				SWIFT_VERSION = 5.0;
				TARGETED_DEVICE_FAMILY = "1,2";
			};
			name = Debug;
		};
		41F36DFE28FA0FF200D6C0DA /* Release */ = {
			isa = XCBuildConfiguration;
			buildSettings = {
				ASSETCATALOG_COMPILER_APPICON_NAME = AppIcon;
				ASSETCATALOG_COMPILER_GLOBAL_ACCENT_COLOR_NAME = AccentColor;
				CODE_SIGN_STYLE = Automatic;
				DEVELOPMENT_TEAM = 48AKWV4768;
				INFOPLIST_FILE = Thermometer/Info.plist;
				LD_RUNPATH_SEARCH_PATHS = (
					"$(inherited)",
					"@executable_path/Frameworks",
				);
				PRODUCT_BUNDLE_IDENTIFIER = saturn777.Thermometer;
				PRODUCT_NAME = "$(TARGET_NAME)";
				SWIFT_VERSION = 5.0;
				TARGETED_DEVICE_FAMILY = "1,2";
			};
			name = Release;
		};
		41F36E0028FA0FF200D6C0DA /* Debug */ = {
			isa = XCBuildConfiguration;
			buildSettings = {
				ALWAYS_EMBED_SWIFT_STANDARD_LIBRARIES = YES;
				BUNDLE_LOADER = "$(TEST_HOST)";
				CODE_SIGN_STYLE = Automatic;
				DEVELOPMENT_TEAM = 48AKWV4768;
				INFOPLIST_FILE = ThermometerTests/Info.plist;
				IPHONEOS_DEPLOYMENT_TARGET = 14.4;
				LD_RUNPATH_SEARCH_PATHS = (
					"$(inherited)",
					"@executable_path/Frameworks",
					"@loader_path/Frameworks",
				);
				PRODUCT_BUNDLE_IDENTIFIER = saturn777.ThermometerTests;
				PRODUCT_NAME = "$(TARGET_NAME)";
				SWIFT_VERSION = 5.0;
				TARGETED_DEVICE_FAMILY = "1,2";
				TEST_HOST = "$(BUILT_PRODUCTS_DIR)/Thermometer.app/Thermometer";
			};
			name = Debug;
		};
		41F36E0128FA0FF200D6C0DA /* Release */ = {
			isa = XCBuildConfiguration;
			buildSettings = {
				ALWAYS_EMBED_SWIFT_STANDARD_LIBRARIES = YES;
				BUNDLE_LOADER = "$(TEST_HOST)";
				CODE_SIGN_STYLE = Automatic;
				DEVELOPMENT_TEAM = 48AKWV4768;
				INFOPLIST_FILE = ThermometerTests/Info.plist;
				IPHONEOS_DEPLOYMENT_TARGET = 14.4;
				LD_RUNPATH_SEARCH_PATHS = (
					"$(inherited)",
					"@executable_path/Frameworks",
					"@loader_path/Frameworks",
				);
				PRODUCT_BUNDLE_IDENTIFIER = saturn777.ThermometerTests;
				PRODUCT_NAME = "$(TARGET_NAME)";
				SWIFT_VERSION = 5.0;
				TARGETED_DEVICE_FAMILY = "1,2";
				TEST_HOST = "$(BUILT_PRODUCTS_DIR)/Thermometer.app/Thermometer";
			};
			name = Release;
		};
		41F36E0328FA0FF200D6C0DA /* Debug */ = {
			isa = XCBuildConfiguration;
			buildSettings = {
				ALWAYS_EMBED_SWIFT_STANDARD_LIBRARIES = YES;
				CODE_SIGN_STYLE = Automatic;
				DEVELOPMENT_TEAM = 48AKWV4768;
				INFOPLIST_FILE = ThermometerUITests/Info.plist;
				LD_RUNPATH_SEARCH_PATHS = (
					"$(inherited)",
					"@executable_path/Frameworks",
					"@loader_path/Frameworks",
				);
				PRODUCT_BUNDLE_IDENTIFIER = saturn777.ThermometerUITests;
				PRODUCT_NAME = "$(TARGET_NAME)";
				SWIFT_VERSION = 5.0;
				TARGETED_DEVICE_FAMILY = "1,2";
				TEST_TARGET_NAME = Thermometer;
			};
			name = Debug;
		};
		41F36E0428FA0FF200D6C0DA /* Release */ = {
			isa = XCBuildConfiguration;
			buildSettings = {
				ALWAYS_EMBED_SWIFT_STANDARD_LIBRARIES = YES;
				CODE_SIGN_STYLE = Automatic;
				DEVELOPMENT_TEAM = 48AKWV4768;
				INFOPLIST_FILE = ThermometerUITests/Info.plist;
				LD_RUNPATH_SEARCH_PATHS = (
					"$(inherited)",
					"@executable_path/Frameworks",
					"@loader_path/Frameworks",
				);
				PRODUCT_BUNDLE_IDENTIFIER = saturn777.ThermometerUITests;
				PRODUCT_NAME = "$(TARGET_NAME)";
				SWIFT_VERSION = 5.0;
				TARGETED_DEVICE_FAMILY = "1,2";
				TEST_TARGET_NAME = Thermometer;
			};
			name = Release;
		};
/* End XCBuildConfiguration section */

/* Begin XCConfigurationList section */
		41F36DCA28FA0FD000D6C0DA /* Build configuration list for PBXProject "Thermometer" */ = {
			isa = XCConfigurationList;
			buildConfigurations = (
				41F36DFA28FA0FF200D6C0DA /* Debug */,
				41F36DFB28FA0FF200D6C0DA /* Release */,
			);
			defaultConfigurationIsVisible = 0;
			defaultConfigurationName = Release;
		};
		41F36DFC28FA0FF200D6C0DA /* Build configuration list for PBXNativeTarget "Thermometer" */ = {
			isa = XCConfigurationList;
			buildConfigurations = (
				41F36DFD28FA0FF200D6C0DA /* Debug */,
				41F36DFE28FA0FF200D6C0DA /* Release */,
			);
			defaultConfigurationIsVisible = 0;
			defaultConfigurationName = Release;
		};
		41F36DFF28FA0FF200D6C0DA /* Build configuration list for PBXNativeTarget "ThermometerTests" */ = {
			isa = XCConfigurationList;
			buildConfigurations = (
				41F36E0028FA0FF200D6C0DA /* Debug */,
				41F36E0128FA0FF200D6C0DA /* Release */,
			);
			defaultConfigurationIsVisible = 0;
			defaultConfigurationName = Release;
		};
		41F36E0228FA0FF200D6C0DA /* Build configuration list for PBXNativeTarget "ThermometerUITests" */ = {
			isa = XCConfigurationList;
			buildConfigurations = (
				41F36E0328FA0FF200D6C0DA /* Debug */,
				41F36E0428FA0FF200D6C0DA /* Release */,
			);
			defaultConfigurationIsVisible = 0;
			defaultConfigurationName = Release;
		};
/* End XCConfigurationList section */

/* Begin XCVersionGroup section */
		41F36DDB28FA0FD000D6C0DA /* Thermometer.xcdatamodeld */ = {
			isa = XCVersionGroup;
			children = (
				41F36DDC28FA0FD000D6C0DA /* Thermometer.xcdatamodel */,
			);
			currentVersion = 41F36DDC28FA0FD000D6C0DA /* Thermometer.xcdatamodel */;
			path = Thermometer.xcdatamodeld;
			sourceTree = "<group>";
			versionGroupType = wrapper.xcdatamodel;
		};
/* End XCVersionGroup section */
	};
	rootObject = 41F36DC728FA0FD000D6C0DA /* Project object */;
}
